
Microsoft Visual Studio Solution File, Format Version 12.00
# Visual Studio Version 17
VisualStudioVersion = 17.7.34221.43
MinimumVisualStudioVersion = 10.0.40219.1
Project("{FAE04EC0-301F-11D3-BF4B-00C04F79EFBC}") = "ATM-MVC-App(Simple-Exmple)", "ATM-MVC-App(Simple-Exmple)\ATM-MVC-App(Simple-Exmple).csproj", "{A87D2B55-FA98-435C-9E9D-C404BC6F0FF6}"
EndProject
Global
	GlobalSection(SolutionConfigurationPlatforms) = preSolution
		Debug|Any CPU = Debug|Any CPU
		Release|Any CPU = Release|Any CPU
	EndGlobalSection
	GlobalSection(ProjectConfigurationPlatforms) = postSolution
		{A87D2B55-FA98-435C-9E9D-C404BC6F0FF6}.Debug|Any CPU.ActiveCfg = Debug|Any CPU
		{A87D2B55-FA98-435C-9E9D-C404BC6F0FF6}.Debug|Any CPU.Build.0 = Debug|Any CPU
		{A87D2B55-FA98-435C-9E9D-C404BC6F0FF6}.Release|Any CPU.ActiveCfg = Release|Any CPU
		{A87D2B55-FA98-435C-9E9D-C404BC6F0FF6}.Release|Any CPU.Build.0 = Release|Any CPU
	EndGlobalSection
	GlobalSection(SolutionProperties) = preSolution
		HideSolutionNode = FALSE
	EndGlobalSection
	GlobalSection(ExtensibilityGlobals) = postSolution
		SolutionGuid = {69B6A69A-2048-4D96-B69B-9A6298D429B8}
	EndGlobalSection
EndGlobal
